// !$*UTF8*$!
{
	archiveVersion = 1;
	classes = {
	};
	objectVersion = 56;
	objects = {

/* Begin PBXBuildFile section */
		9A23E4402B54141300ABBAEC /* AppDelegate.swift in Sources */ = {isa = PBXBuildFile; fileRef = 9A23E43F2B54141300ABBAEC /* AppDelegate.swift */; };
		9A23E4422B54141300ABBAEC /* SceneDelegate.swift in Sources */ = {isa = PBXBuildFile; fileRef = 9A23E4412B54141300ABBAEC /* SceneDelegate.swift */; };
		9A23E4442B54141300ABBAEC /* ViewController.swift in Sources */ = {isa = PBXBuildFile; fileRef = 9A23E4432B54141300ABBAEC /* ViewController.swift */; };
		9A23E4472B54141300ABBAEC /* Main.storyboard in Resources */ = {isa = PBXBuildFile; fileRef = 9A23E4452B54141300ABBAEC /* Main.storyboard */; };
		9A23E44A2B54141300ABBAEC /* Animalss.xcdatamodeld in Sources */ = {isa = PBXBuildFile; fileRef = 9A23E4482B54141300ABBAEC /* Animalss.xcdatamodeld */; };
		9A23E44C2B54141400ABBAEC /* Assets.xcassets in Resources */ = {isa = PBXBuildFile; fileRef = 9A23E44B2B54141400ABBAEC /* Assets.xcassets */; };
		9A23E44F2B54141400ABBAEC /* LaunchScreen.storyboard in Resources */ = {isa = PBXBuildFile; fileRef = 9A23E44D2B54141400ABBAEC /* LaunchScreen.storyboard */; };
		9A23E4572B54188B00ABBAEC /* DetailsViewController.swift in Sources */ = {isa = PBXBuildFile; fileRef = 9A23E4562B54188B00ABBAEC /* DetailsViewController.swift */; };
		9A23E4592B5428C800ABBAEC /* PanierViewController.swift in Sources */ = {isa = PBXBuildFile; fileRef = 9A23E4582B5428C800ABBAEC /* PanierViewController.swift */; };
/* End PBXBuildFile section */

/* Begin PBXFileReference section */
		9A23E43C2B54141300ABBAEC /* Animalss.app */ = {isa = PBXFileReference; explicitFileType = wrapper.application; includeInIndex = 0; path = Animalss.app; sourceTree = BUILT_PRODUCTS_DIR; };
		9A23E43F2B54141300ABBAEC /* AppDelegate.swift */ = {isa = PBXFileReference; lastKnownFileType = sourcecode.swift; path = AppDelegate.swift; sourceTree = "<group>"; };
		9A23E4412B54141300ABBAEC /* SceneDelegate.swift */ = {isa = PBXFileReference; lastKnownFileType = sourcecode.swift; path = SceneDelegate.swift; sourceTree = "<group>"; };
		9A23E4432B54141300ABBAEC /* ViewController.swift */ = {isa = PBXFileReference; lastKnownFileType = sourcecode.swift; path = ViewController.swift; sourceTree = "<group>"; };
		9A23E4462B54141300ABBAEC /* Base */ = {isa = PBXFileReference; lastKnownFileType = file.storyboard; name = Base; path = Base.lproj/Main.storyboard; sourceTree = "<group>"; };
		9A23E4492B54141300ABBAEC /* Animalss.xcdatamodel */ = {isa = PBXFileReference; lastKnownFileType = wrapper.xcdatamodel; path = Animalss.xcdatamodel; sourceTree = "<group>"; };
		9A23E44B2B54141400ABBAEC /* Assets.xcassets */ = {isa = PBXFileReference; lastKnownFileType = folder.assetcatalog; path = Assets.xcassets; sourceTree = "<group>"; };
		9A23E44E2B54141400ABBAEC /* Base */ = {isa = PBXFileReference; lastKnownFileType = file.storyboard; name = Base; path = Base.lproj/LaunchScreen.storyboard; sourceTree = "<group>"; };
		9A23E4502B54141400ABBAEC /* Info.plist */ = {isa = PBXFileReference; lastKnownFileType = text.plist.xml; path = Info.plist; sourceTree = "<group>"; };
		9A23E4562B54188B00ABBAEC /* DetailsViewController.swift */ = {isa = PBXFileReference; lastKnownFileType = sourcecode.swift; path = DetailsViewController.swift; sourceTree = "<group>"; };
		9A23E4582B5428C800ABBAEC /* PanierViewController.swift */ = {isa = PBXFileReference; lastKnownFileType = sourcecode.swift; path = PanierViewController.swift; sourceTree = "<group>"; };
/* End PBXFileReference section */

/* Begin PBXFrameworksBuildPhase section */
		9A23E4392B54141300ABBAEC /* Frameworks */ = {
			isa = PBXFrameworksBuildPhase;
			buildActionMask = 2147483647;
			files = (
			);
			runOnlyForDeploymentPostprocessing = 0;
		};
/* End PBXFrameworksBuildPhase section */

/* Begin PBXGroup section */
		9A23E4332B54141300ABBAEC = {
			isa = PBXGroup;
			children = (
				9A23E43E2B54141300ABBAEC /* Animalss */,
				9A23E43D2B54141300ABBAEC /* Products */,
			);
			sourceTree = "<group>";
		};
		9A23E43D2B54141300ABBAEC /* Products */ = {
			isa = PBXGroup;
			children = (
				9A23E43C2B54141300ABBAEC /* Animalss.app */,
			);
			name = Products;
			sourceTree = "<group>";
		};
		9A23E43E2B54141300ABBAEC /* Animalss */ = {
			isa = PBXGroup;
			children = (
				9A23E43F2B54141300ABBAEC /* AppDelegate.swift */,
				9A23E4412B54141300ABBAEC /* SceneDelegate.swift */,
				9A23E4432B54141300ABBAEC /* ViewController.swift */,
				9A23E4452B54141300ABBAEC /* Main.storyboard */,
				9A23E44B2B54141400ABBAEC /* Assets.xcassets */,
				9A23E44D2B54141400ABBAEC /* LaunchScreen.storyboard */,
				9A23E4502B54141400ABBAEC /* Info.plist */,
				9A23E4482B54141300ABBAEC /* Animalss.xcdatamodeld */,
				9A23E4562B54188B00ABBAEC /* DetailsViewController.swift */,
				9A23E4582B5428C800ABBAEC /* PanierViewController.swift */,
			);
			path = Animalss;
			sourceTree = "<group>";
		};
/* End PBXGroup section */

/* Begin PBXNativeTarget section */
		9A23E43B2B54141300ABBAEC /* Animalss */ = {
			isa = PBXNativeTarget;
			buildConfigurationList = 9A23E4532B54141400ABBAEC /* Build configuration list for PBXNativeTarget "Animalss" */;
			buildPhases = (
				9A23E4382B54141300ABBAEC /* Sources */,
				9A23E4392B54141300ABBAEC /* Frameworks */,
				9A23E43A2B54141300ABBAEC /* Resources */,
			);
			buildRules = (
			);
			dependencies = (
			);
			name = Animalss;
			productName = Animalss;
			productReference = 9A23E43C2B54141300ABBAEC /* Animalss.app */;
			productType = "com.apple.product-type.application";
		};
/* End PBXNativeTarget section */

/* Begin PBXProject section */
		9A23E4342B54141300ABBAEC /* Project object */ = {
			isa = PBXProject;
			attributes = {
				BuildIndependentTargetsInParallel = 1;
				LastSwiftUpdateCheck = 1410;
				LastUpgradeCheck = 1410;
				TargetAttributes = {
					9A23E43B2B54141300ABBAEC = {
						CreatedOnToolsVersion = 14.1;
					};
				};
			};
			buildConfigurationList = 9A23E4372B54141300ABBAEC /* Build configuration list for PBXProject "Animalss" */;
			compatibilityVersion = "Xcode 14.0";
			developmentRegion = en;
			hasScannedForEncodings = 0;
			knownRegions = (
				en,
				Base,
			);
			mainGroup = 9A23E4332B54141300ABBAEC;
			productRefGroup = 9A23E43D2B54141300ABBAEC /* Products */;
			projectDirPath = "";
			projectRoot = "";
			targets = (
				9A23E43B2B54141300ABBAEC /* Animalss */,
			);
		};
/* End PBXProject section */

/* Begin PBXResourcesBuildPhase section */
		9A23E43A2B54141300ABBAEC /* Resources */ = {
			isa = PBXResourcesBuildPhase;
			buildActionMask = 2147483647;
			files = (
				9A23E44F2B54141400ABBAEC /* LaunchScreen.storyboard in Resources */,
				9A23E44C2B54141400ABBAEC /* Assets.xcassets in Resources */,
				9A23E4472B54141300ABBAEC /* Main.storyboard in Resources */,
			);
			runOnlyForDeploymentPostprocessing = 0;
		};
/* End PBXResourcesBuildPhase section */

/* Begin PBXSourcesBuildPhase section */
		9A23E4382B54141300ABBAEC /* Sources */ = {
			isa = PBXSourcesBuildPhase;
			buildActionMask = 2147483647;
			files = (
				9A23E4442B54141300ABBAEC /* ViewController.swift in Sources */,
				9A23E44A2B54141300ABBAEC /* Animalss.xcdatamodeld in Sources */,
				9A23E4402B54141300ABBAEC /* AppDelegate.swift in Sources */,
				9A23E4592B5428C800ABBAEC /* PanierViewController.swift in Sources */,
				9A23E4422B54141300ABBAEC /* SceneDelegate.swift in Sources */,
				9A23E4572B54188B00ABBAEC /* DetailsViewController.swift in Sources */,
			);
			runOnlyForDeploymentPostprocessing = 0;
		};
/* End PBXSourcesBuildPhase section */

/* Begin PBXVariantGroup section */
		9A23E4452B54141300ABBAEC /* Main.storyboard */ = {
			isa = PBXVariantGroup;
			children = (
				9A23E4462B54141300ABBAEC /* Base */,
			);
			name = Main.storyboard;
			sourceTree = "<group>";
		};
		9A23E44D2B54141400ABBAEC /* LaunchScreen.storyboard */ = {
			isa = PBXVariantGroup;
			children = (
				9A23E44E2B54141400ABBAEC /* Base */,
			);
			name = LaunchScreen.storyboard;
			sourceTree = "<group>";
		};
/* End PBXVariantGroup section */

/* Begin XCBuildConfiguration section */
		9A23E4512B54141400ABBAEC /* Debug */ = {
			isa = XCBuildConfiguration;
			buildSettings = {
				ALWAYS_SEARCH_USER_PATHS = NO;
				CLANG_ANALYZER_NONNULL = YES;
				CLANG_ANALYZER_NUMBER_OBJECT_CONVERSION = YES_AGGRESSIVE;
				CLANG_CXX_LANGUAGE_STANDARD = "gnu++20";
				CLANG_ENABLE_MODULES = YES;
				CLANG_ENABLE_OBJC_ARC = YES;
				CLANG_ENABLE_OBJC_WEAK = YES;
				CLANG_WARN_BLOCK_CAPTURE_AUTORELEASING = YES;
				CLANG_WARN_BOOL_CONVERSION = YES;
				CLANG_WARN_COMMA = YES;
				CLANG_WARN_CONSTANT_CONVERSION = YES;
				CLANG_WARN_DEPRECATED_OBJC_IMPLEMENTATIONS = YES;
				CLANG_WARN_DIRECT_OBJC_ISA_USAGE = YES_ERROR;
				CLANG_WARN_DOCUMENTATION_COMMENTS = YES;
				CLANG_WARN_EMPTY_BODY = YES;
				CLANG_WARN_ENUM_CONVERSION = YES;
				CLANG_WARN_INFINITE_RECURSION = YES;
				CLANG_WARN_INT_CONVERSION = YES;
				CLANG_WARN_NON_LITERAL_NULL_CONVERSION = YES;
				CLANG_WARN_OBJC_IMPLICIT_RETAIN_SELF = YES;
				CLANG_WARN_OBJC_LITERAL_CONVERSION = YES;
				CLANG_WARN_OBJC_ROOT_CLASS = YES_ERROR;
				CLANG_WARN_QUOTED_INCLUDE_IN_FRAMEWORK_HEADER = YES;
				CLANG_WARN_RANGE_LOOP_ANALYSIS = YES;
				CLANG_WARN_STRICT_PROTOTYPES = YES;
				CLANG_WARN_SUSPICIOUS_MOVE = YES;
				CLANG_WARN_UNGUARDED_AVAILABILITY = YES_AGGRESSIVE;
				CLANG_WARN_UNREACHABLE_CODE = YES;
				CLANG_WARN__DUPLICATE_METHOD_MATCH = YES;
				COPY_PHASE_STRIP = NO;
				DEBUG_INFORMATION_FORMAT = dwarf;
				ENABLE_STRICT_OBJC_MSGSEND = YES;
				ENABLE_TESTABILITY = YES;
				GCC_C_LANGUAGE_STANDARD = gnu11;
				GCC_DYNAMIC_NO_PIC = NO;
				GCC_NO_COMMON_BLOCKS = YES;
				GCC_OPTIMIZATION_LEVEL = 0;
				GCC_PREPROCESSOR_DEFINITIONS = (
					"DEBUG=1",
					"$(inherited)",
				);
				GCC_WARN_64_TO_32_BIT_CONVERSION = YES;
				GCC_WARN_ABOUT_RETURN_TYPE = YES_ERROR;
				GCC_WARN_UNDECLARED_SELECTOR = YES;
				GCC_WARN_UNINITIALIZED_AUTOS = YES_AGGRESSIVE;
				GCC_WARN_UNUSED_FUNCTION = YES;
				GCC_WARN_UNUSED_VARIABLE = YES;
				IPHONEOS_DEPLOYMENT_TARGET = 16.1;
				MTL_ENABLE_DEBUG_INFO = INCLUDE_SOURCE;
				MTL_FAST_MATH = YES;
				ONLY_ACTIVE_ARCH = YES;
				SDKROOT = iphoneos;
				SWIFT_ACTIVE_COMPILATION_CONDITIONS = DEBUG;
				SWIFT_OPTIMIZATION_LEVEL = "-Onone";
			};
			name = Debug;
		};
		9A23E4522B54141400ABBAEC /* Release */ = {
			isa = XCBuildConfiguration;
			buildSettings = {
				ALWAYS_SEARCH_USER_PATHS = NO;
				CLANG_ANALYZER_NONNULL = YES;
				CLANG_ANALYZER_NUMBER_OBJECT_CONVERSION = YES_AGGRESSIVE;
				CLANG_CXX_LANGUAGE_STANDARD = "gnu++20";
				CLANG_ENABLE_MODULES = YES;
				CLANG_ENABLE_OBJC_ARC = YES;
				CLANG_ENABLE_OBJC_WEAK = YES;
				CLANG_WARN_BLOCK_CAPTURE_AUTORELEASING = YES;
				CLANG_WARN_BOOL_CONVERSION = YES;
				CLANG_WARN_COMMA = YES;
				CLANG_WARN_CONSTANT_CONVERSION = YES;
				CLANG_WARN_DEPRECATED_OBJC_IMPLEMENTATIONS = YES;
				CLANG_WARN_DIRECT_OBJC_ISA_USAGE = YES_ERROR;
				CLANG_WARN_DOCUMENTATION_COMMENTS = YES;
				CLANG_WARN_EMPTY_BODY = YES;
				CLANG_WARN_ENUM_CONVERSION = YES;
				CLANG_WARN_INFINITE_RECURSION = YES;
				CLANG_WARN_INT_CONVERSION = YES;
				CLANG_WARN_NON_LITERAL_NULL_CONVERSION = YES;
				CLANG_WARN_OBJC_IMPLICIT_RETAIN_SELF = YES;
				CLANG_WARN_OBJC_LITERAL_CONVERSION = YES;
				CLANG_WARN_OBJC_ROOT_CLASS = YES_ERROR;
				CLANG_WARN_QUOTED_INCLUDE_IN_FRAMEWORK_HEADER = YES;
				CLANG_WARN_RANGE_LOOP_ANALYSIS = YES;
				CLANG_WARN_STRICT_PROTOTYPES = YES;
				CLANG_WARN_SUSPICIOUS_MOVE = YES;
				CLANG_WARN_UNGUARDED_AVAILABILITY = YES_AGGRESSIVE;
				CLANG_WARN_UNREACHABLE_CODE = YES;
				CLANG_WARN__DUPLICATE_METHOD_MATCH = YES;
				COPY_PHASE_STRIP = NO;
				DEBUG_INFORMATION_FORMAT = "dwarf-with-dsym";
				ENABLE_NS_ASSERTIONS = NO;
				ENABLE_STRICT_OBJC_MSGSEND = YES;
				GCC_C_LANGUAGE_STANDARD = gnu11;
				GCC_NO_COMMON_BLOCKS = YES;
				GCC_WARN_64_TO_32_BIT_CONVERSION = YES;
				GCC_WARN_ABOUT_RETURN_TYPE = YES_ERROR;
				GCC_WARN_UNDECLARED_SELECTOR = YES;
				GCC_WARN_UNINITIALIZED_AUTOS = YES_AGGRESSIVE;
				GCC_WARN_UNUSED_FUNCTION = YES;
				GCC_WARN_UNUSED_VARIABLE = YES;
				IPHONEOS_DEPLOYMENT_TARGET = 16.1;
				MTL_ENABLE_DEBUG_INFO = NO;
				MTL_FAST_MATH = YES;
				SDKROOT = iphoneos;
				SWIFT_COMPILATION_MODE = wholemodule;
				SWIFT_OPTIMIZATION_LEVEL = "-O";
				VALIDATE_PRODUCT = YES;
			};
			name = Release;
		};
		9A23E4542B54141400ABBAEC /* Debug */ = {
			isa = XCBuildConfiguration;
			buildSettings = {
				ASSETCATALOG_COMPILER_APPICON_NAME = AppIcon;
				ASSETCATALOG_COMPILER_GLOBAL_ACCENT_COLOR_NAME = AccentColor;
				CODE_SIGN_STYLE = Automatic;
				CURRENT_PROJECT_VERSION = 1;
				GENERATE_INFOPLIST_FILE = YES;
				INFOPLIST_FILE = Animalss/Info.plist;
				INFOPLIST_KEY_UIApplicationSupportsIndirectInputEvents = YES;
				INFOPLIST_KEY_UILaunchStoryboardName = LaunchScreen;
				INFOPLIST_KEY_UIMainStoryboardFile = Main;
				INFOPLIST_KEY_UISupportedInterfaceOrientations_iPad = "UIInterfaceOrientationPortrait UIInterfaceOrientationPortraitUpsideDown UIInterfaceOrientationLandscapeLeft UIInterfaceOrientationLandscapeRight";
				INFOPLIST_KEY_UISupportedInterfaceOrientations_iPhone = "UIInterfaceOrientationPortrait UIInterfaceOrientationLandscapeLeft UIInterfaceOrientationLandscapeRight";
				LD_RUNPATH_SEARCH_PATHS = (
					"$(inherited)",
					"@executable_path/Frameworks",
				);
				MARKETING_VERSION = 1.0;
				PRODUCT_BUNDLE_IDENTIFIER = tn.esprit.Animalss;
				PRODUCT_NAME = "$(TARGET_NAME)";
				SWIFT_EMIT_LOC_STRINGS = YES;
				SWIFT_VERSION = 5.0;
				TARGETED_DEVICE_FAMILY = "1,2";
			};
			name = Debug;
		};
		9A23E4552B54141400ABBAEC /* Release */ = {
			isa = XCBuildConfiguration;
			buildSettings = {
				ASSETCATALOG_COMPILER_APPICON_NAME = AppIcon;
				ASSETCATALOG_COMPILER_GLOBAL_ACCENT_COLOR_NAME = AccentColor;
				CODE_SIGN_STYLE = Automatic;
				CURRENT_PROJECT_VERSION = 1;
				GENERATE_INFOPLIST_FILE = YES;
				INFOPLIST_FILE = Animalss/Info.plist;
				INFOPLIST_KEY_UIApplicationSupportsIndirectInputEvents = YES;
				INFOPLIST_KEY_UILaunchStoryboardName = LaunchScreen;
				INFOPLIST_KEY_UIMainStoryboardFile = Main;
				INFOPLIST_KEY_UISupportedInterfaceOrientations_iPad = "UIInterfaceOrientationPortrait UIInterfaceOrientationPortraitUpsideDown UIInterfaceOrientationLandscapeLeft UIInterfaceOrientationLandscapeRight";
				INFOPLIST_KEY_UISupportedInterfaceOrientations_iPhone = "UIInterfaceOrientationPortrait UIInterfaceOrientationLandscapeLeft UIInterfaceOrientationLandscapeRight";
				LD_RUNPATH_SEARCH_PATHS = (
					"$(inherited)",
					"@executable_path/Frameworks",
				);
				MARKETING_VERSION = 1.0;
				PRODUCT_BUNDLE_IDENTIFIER = tn.esprit.Animalss;
				PRODUCT_NAME = "$(TARGET_NAME)";
				SWIFT_EMIT_LOC_STRINGS = YES;
				SWIFT_VERSION = 5.0;
				TARGETED_DEVICE_FAMILY = "1,2";
			};
			name = Release;
		};
/* End XCBuildConfiguration section */

/* Begin XCConfigurationList section */
		9A23E4372B54141300ABBAEC /* Build configuration list for PBXProject "Animalss" */ = {
			isa = XCConfigurationList;
			buildConfigurations = (
				9A23E4512B54141400ABBAEC /* Debug */,
				9A23E4522B54141400ABBAEC /* Release */,
			);
			defaultConfigurationIsVisible = 0;
			defaultConfigurationName = Release;
		};
		9A23E4532B54141400ABBAEC /* Build configuration list for PBXNativeTarget "Animalss" */ = {
			isa = XCConfigurationList;
			buildConfigurations = (
				9A23E4542B54141400ABBAEC /* Debug */,
				9A23E4552B54141400ABBAEC /* Release */,
			);
			defaultConfigurationIsVisible = 0;
			defaultConfigurationName = Release;
		};
/* End XCConfigurationList section */

/* Begin XCVersionGroup section */
		9A23E4482B54141300ABBAEC /* Animalss.xcdatamodeld */ = {
			isa = XCVersionGroup;
			children = (
				9A23E4492B54141300ABBAEC /* Animalss.xcdatamodel */,
			);
			currentVersion = 9A23E4492B54141300ABBAEC /* Animalss.xcdatamodel */;
			path = Animalss.xcdatamodeld;
			sourceTree = "<group>";
			versionGroupType = wrapper.xcdatamodel;
		};
/* End XCVersionGroup section */
	};
	rootObject = 9A23E4342B54141300ABBAEC /* Project object */;
}
